
Microsoft Visual Studio Solution File, Format Version 12.00
# Visual Studio Version 16
VisualStudioVersion = 16.0.31702.278
MinimumVisualStudioVersion = 10.0.40219.1
Project("{FAE04EC0-301F-11D3-BF4B-00C04F79EFBC}") = "CastleDynamicProxyExample", "CastleDynamicProxyExample\CastleDynamicProxyExample.csproj", "{6302562F-5605-4B8A-81C8-AA2784F21D1A}"
EndProject
Global
	GlobalSection(SolutionConfigurationPlatforms) = preSolution
		Debug|Any CPU = Debug|Any CPU
		Release|Any CPU = Release|Any CPU
	EndGlobalSection
	GlobalSection(ProjectConfigurationPlatforms) = postSolution
		{6302562F-5605-4B8A-81C8-AA2784F21D1A}.Debug|Any CPU.ActiveCfg = Debug|Any CPU
		{6302562F-5605-4B8A-81C8-AA2784F21D1A}.Debug|Any CPU.Build.0 = Debug|Any CPU
		{6302562F-5605-4B8A-81C8-AA2784F21D1A}.Release|Any CPU.ActiveCfg = Release|Any CPU
		{6302562F-5605-4B8A-81C8-AA2784F21D1A}.Release|Any CPU.Build.0 = Release|Any CPU
	EndGlobalSection
	GlobalSection(SolutionProperties) = preSolution
		HideSolutionNode = FALSE
	EndGlobalSection
	GlobalSection(ExtensibilityGlobals) = postSolution
		SolutionGuid = {FE80F04D-4DD6-4FEE-8F50-2C7C8E676CDE}
	EndGlobalSection
EndGlobal
